// !$*UTF8*$!
{
	archiveVersion = 1;
	classes = {
	};
	objectVersion = 46;
	objects = {

/* Begin PBXBuildFile section */
		1810F52C19C6E9EB00103838 /* MessageMainViewController.m in Sources */ = {isa = PBXBuildFile; fileRef = 1810F52B19C6E9EB00103838 /* MessageMainViewController.m */; };
		183B7D5C19C6E01E00EF0184 /* main.m in Sources */ = {isa = PBXBuildFile; fileRef = 183B7D5B19C6E01E00EF0184 /* main.m */; };
		183B7D5F19C6E01E00EF0184 /* AppDelegate.m in Sources */ = {isa = PBXBuildFile; fileRef = 183B7D5E19C6E01E00EF0184 /* AppDelegate.m */; };
		183B7D6A19C6E01E00EF0184 /* Images.xcassets in Resources */ = {isa = PBXBuildFile; fileRef = 183B7D6919C6E01E00EF0184 /* Images.xcassets */; };
		183B7D7919C6E01E00EF0184 /* LMiPhoneTests.m in Sources */ = {isa = PBXBuildFile; fileRef = 183B7D7819C6E01E00EF0184 /* LMiPhoneTests.m */; };
		183D5C1D19C97F00005A2A1A /* ChatListTableViewController.m in Sources */ = {isa = PBXBuildFile; fileRef = 183D5C1C19C97F00005A2A1A /* ChatListTableViewController.m */; };
		1862721E19C93FF70013D4AE /* LMBarViewController.m in Sources */ = {isa = PBXBuildFile; fileRef = 1862721D19C93FF70013D4AE /* LMBarViewController.m */; };
		1862722219C940390013D4AE /* LMNavViewController.m in Sources */ = {isa = PBXBuildFile; fileRef = 1862722119C940390013D4AE /* LMNavViewController.m */; };
		18965F9E19C918C600A3E083 /* InfoPlist.strings in Resources */ = {isa = PBXBuildFile; fileRef = 18965F9D19C918C600A3E083 /* InfoPlist.strings */; };
		18965FA019C91DC300A3E083 /* MainStoryboard.storyboard in Resources */ = {isa = PBXBuildFile; fileRef = 18965F9F19C91DC300A3E083 /* MainStoryboard.storyboard */; };
		18A3C1B119C80C4300998952 /* BaseViewController.m in Sources */ = {isa = PBXBuildFile; fileRef = 18A3C1B019C80C4300998952 /* BaseViewController.m */; };
		18A3C1B519C80CD600998952 /* BaseService.m in Sources */ = {isa = PBXBuildFile; fileRef = 18A3C1B419C80CD600998952 /* BaseService.m */; };
		18F9845A19CAC70D00CFCBAB /* ChatListCell.m in Sources */ = {isa = PBXBuildFile; fileRef = 18F9845919CAC70D00CFCBAB /* ChatListCell.m */; };
/* End PBXBuildFile section */

/* Begin PBXContainerItemProxy section */
		183B7D7319C6E01E00EF0184 /* PBXContainerItemProxy */ = {
			isa = PBXContainerItemProxy;
			containerPortal = 183B7D4E19C6E01E00EF0184 /* Project object */;
			proxyType = 1;
			remoteGlobalIDString = 183B7D5519C6E01E00EF0184;
			remoteInfo = LMiPhone;
		};
/* End PBXContainerItemProxy section */

/* Begin PBXFileReference section */
		1810F52A19C6E9EB00103838 /* MessageMainViewController.h */ = {isa = PBXFileReference; fileEncoding = 4; lastKnownFileType = sourcecode.c.h; path = MessageMainViewController.h; sourceTree = "<group>"; };
		1810F52B19C6E9EB00103838 /* MessageMainViewController.m */ = {isa = PBXFileReference; fileEncoding = 4; lastKnownFileType = sourcecode.c.objc; path = MessageMainViewController.m; sourceTree = "<group>"; };
		183B7D5619C6E01E00EF0184 /* LMiPhone.app */ = {isa = PBXFileReference; explicitFileType = wrapper.application; includeInIndex = 0; path = LMiPhone.app; sourceTree = BUILT_PRODUCTS_DIR; };
		183B7D5A19C6E01E00EF0184 /* Info.plist */ = {isa = PBXFileReference; lastKnownFileType = text.plist.xml; path = Info.plist; sourceTree = "<group>"; };
		183B7D5B19C6E01E00EF0184 /* main.m */ = {isa = PBXFileReference; lastKnownFileType = sourcecode.c.objc; path = main.m; sourceTree = "<group>"; };
		183B7D5D19C6E01E00EF0184 /* AppDelegate.h */ = {isa = PBXFileReference; lastKnownFileType = sourcecode.c.h; path = AppDelegate.h; sourceTree = "<group>"; };
		183B7D5E19C6E01E00EF0184 /* AppDelegate.m */ = {isa = PBXFileReference; lastKnownFileType = sourcecode.c.objc; path = AppDelegate.m; sourceTree = "<group>"; };
		183B7D6919C6E01E00EF0184 /* Images.xcassets */ = {isa = PBXFileReference; lastKnownFileType = folder.assetcatalog; path = Images.xcassets; sourceTree = "<group>"; };
		183B7D7219C6E01E00EF0184 /* LMiPhoneTests.xctest */ = {isa = PBXFileReference; explicitFileType = wrapper.cfbundle; includeInIndex = 0; path = LMiPhoneTests.xctest; sourceTree = BUILT_PRODUCTS_DIR; };
		183B7D7719C6E01E00EF0184 /* Info.plist */ = {isa = PBXFileReference; lastKnownFileType = text.plist.xml; path = Info.plist; sourceTree = "<group>"; };
		183B7D7819C6E01E00EF0184 /* LMiPhoneTests.m */ = {isa = PBXFileReference; lastKnownFileType = sourcecode.c.objc; path = LMiPhoneTests.m; sourceTree = "<group>"; };
		183D5C1B19C97F00005A2A1A /* ChatListTableViewController.h */ = {isa = PBXFileReference; fileEncoding = 4; lastKnownFileType = sourcecode.c.h; path = ChatListTableViewController.h; sourceTree = "<group>"; };
		183D5C1C19C97F00005A2A1A /* ChatListTableViewController.m */ = {isa = PBXFileReference; fileEncoding = 4; lastKnownFileType = sourcecode.c.objc; path = ChatListTableViewController.m; sourceTree = "<group>"; };
		1862721C19C93FF70013D4AE /* LMBarViewController.h */ = {isa = PBXFileReference; fileEncoding = 4; lastKnownFileType = sourcecode.c.h; path = LMBarViewController.h; sourceTree = "<group>"; };
		1862721D19C93FF70013D4AE /* LMBarViewController.m */ = {isa = PBXFileReference; fileEncoding = 4; lastKnownFileType = sourcecode.c.objc; path = LMBarViewController.m; sourceTree = "<group>"; };
		1862722019C940390013D4AE /* LMNavViewController.h */ = {isa = PBXFileReference; fileEncoding = 4; lastKnownFileType = sourcecode.c.h; path = LMNavViewController.h; sourceTree = "<group>"; };
		1862722119C940390013D4AE /* LMNavViewController.m */ = {isa = PBXFileReference; fileEncoding = 4; lastKnownFileType = sourcecode.c.objc; path = LMNavViewController.m; sourceTree = "<group>"; };
		18965F9D19C918C600A3E083 /* InfoPlist.strings */ = {isa = PBXFileReference; fileEncoding = 4; lastKnownFileType = text.plist.strings; path = InfoPlist.strings; sourceTree = "<group>"; };
		18965F9F19C91DC300A3E083 /* MainStoryboard.storyboard */ = {isa = PBXFileReference; fileEncoding = 4; lastKnownFileType = file.storyboard; path = MainStoryboard.storyboard; sourceTree = "<group>"; };
		18A3C1AF19C80C4300998952 /* BaseViewController.h */ = {isa = PBXFileReference; fileEncoding = 4; lastKnownFileType = sourcecode.c.h; path = BaseViewController.h; sourceTree = "<group>"; };
		18A3C1B019C80C4300998952 /* BaseViewController.m */ = {isa = PBXFileReference; fileEncoding = 4; lastKnownFileType = sourcecode.c.objc; path = BaseViewController.m; sourceTree = "<group>"; };
		18A3C1B219C80CB700998952 /* Contant.h */ = {isa = PBXFileReference; fileEncoding = 4; lastKnownFileType = sourcecode.c.h; path = Contant.h; sourceTree = "<group>"; };
		18A3C1B319C80CD600998952 /* BaseService.h */ = {isa = PBXFileReference; fileEncoding = 4; lastKnownFileType = sourcecode.c.h; path = BaseService.h; sourceTree = "<group>"; };
		18A3C1B419C80CD600998952 /* BaseService.m */ = {isa = PBXFileReference; fileEncoding = 4; lastKnownFileType = sourcecode.c.objc; path = BaseService.m; sourceTree = "<group>"; };
		18A3C1B719C8102F00998952 /* PrefixHeader.pch */ = {isa = PBXFileReference; fileEncoding = 4; lastKnownFileType = sourcecode.c.h; path = PrefixHeader.pch; sourceTree = "<group>"; };
		18F9845819CAC70D00CFCBAB /* ChatListCell.h */ = {isa = PBXFileReference; fileEncoding = 4; lastKnownFileType = sourcecode.c.h; path = ChatListCell.h; sourceTree = "<group>"; };
		18F9845919CAC70D00CFCBAB /* ChatListCell.m */ = {isa = PBXFileReference; fileEncoding = 4; lastKnownFileType = sourcecode.c.objc; path = ChatListCell.m; sourceTree = "<group>"; };
/* End PBXFileReference section */

/* Begin PBXFrameworksBuildPhase section */
		183B7D5319C6E01E00EF0184 /* Frameworks */ = {
			isa = PBXFrameworksBuildPhase;
			buildActionMask = 2147483647;
			files = (
			);
			runOnlyForDeploymentPostprocessing = 0;
		};
		183B7D6F19C6E01E00EF0184 /* Frameworks */ = {
			isa = PBXFrameworksBuildPhase;
			buildActionMask = 2147483647;
			files = (
			);
			runOnlyForDeploymentPostprocessing = 0;
		};
/* End PBXFrameworksBuildPhase section */

/* Begin PBXGroup section */
		183B7D4D19C6E01E00EF0184 = {
			isa = PBXGroup;
			children = (
				183B7D5819C6E01E00EF0184 /* LMiPhone */,
				183B7D7519C6E01E00EF0184 /* LMiPhoneTests */,
				183B7D5719C6E01E00EF0184 /* Products */,
			);
			sourceTree = "<group>";
		};
		183B7D5719C6E01E00EF0184 /* Products */ = {
			isa = PBXGroup;
			children = (
				183B7D5619C6E01E00EF0184 /* LMiPhone.app */,
				183B7D7219C6E01E00EF0184 /* LMiPhoneTests.xctest */,
			);
			name = Products;
			sourceTree = "<group>";
		};
		183B7D5819C6E01E00EF0184 /* LMiPhone */ = {
			isa = PBXGroup;
			children = (
				183B7D8219C6E39F00EF0184 /* Common */,
				183B7D8319C6E39F00EF0184 /* Entity */,
				183B7D8419C6E39F00EF0184 /* Service */,
				183B7D8519C6E39F00EF0184 /* ViewController */,
				183B7D5D19C6E01E00EF0184 /* AppDelegate.h */,
				183B7D5E19C6E01E00EF0184 /* AppDelegate.m */,
				183B7D6919C6E01E00EF0184 /* Images.xcassets */,
				183B7D5919C6E01E00EF0184 /* Supporting Files */,
				18965F9F19C91DC300A3E083 /* MainStoryboard.storyboard */,
			);
			path = LMiPhone;
			sourceTree = "<group>";
		};
		183B7D5919C6E01E00EF0184 /* Supporting Files */ = {
			isa = PBXGroup;
			children = (
				183B7D5A19C6E01E00EF0184 /* Info.plist */,
				183B7D5B19C6E01E00EF0184 /* main.m */,
				18A3C1B719C8102F00998952 /* PrefixHeader.pch */,
				18965F9D19C918C600A3E083 /* InfoPlist.strings */,
			);
			name = "Supporting Files";
			sourceTree = "<group>";
		};
		183B7D7519C6E01E00EF0184 /* LMiPhoneTests */ = {
			isa = PBXGroup;
			children = (
				183B7D7819C6E01E00EF0184 /* LMiPhoneTests.m */,
				183B7D7619C6E01E00EF0184 /* Supporting Files */,
			);
			path = LMiPhoneTests;
			sourceTree = "<group>";
		};
		183B7D7619C6E01E00EF0184 /* Supporting Files */ = {
			isa = PBXGroup;
			children = (
				183B7D7719C6E01E00EF0184 /* Info.plist */,
			);
			name = "Supporting Files";
			sourceTree = "<group>";
		};
		183B7D8219C6E39F00EF0184 /* Common */ = {
			isa = PBXGroup;
			children = (
				18A3C1B219C80CB700998952 /* Contant.h */,
				1862721A19C93FF70013D4AE /* Controllers */,
			);
			path = Common;
			sourceTree = "<group>";
		};
		183B7D8319C6E39F00EF0184 /* Entity */ = {
			isa = PBXGroup;
			children = (
			);
			path = Entity;
			sourceTree = "<group>";
		};
		183B7D8419C6E39F00EF0184 /* Service */ = {
			isa = PBXGroup;
			children = (
				18A3C1B319C80CD600998952 /* BaseService.h */,
				18A3C1B419C80CD600998952 /* BaseService.m */,
			);
			path = Service;
			sourceTree = "<group>";
		};
		183B7D8519C6E39F00EF0184 /* ViewController */ = {
			isa = PBXGroup;
			children = (
				183D5C1A19C97EE9005A2A1A /* Chat */,
				183B7D8719C6E40100EF0184 /* Message */,
				18A3C1AF19C80C4300998952 /* BaseViewController.h */,
				18A3C1B019C80C4300998952 /* BaseViewController.m */,
			);
			path = ViewController;
			sourceTree = "<group>";
		};
		183B7D8719C6E40100EF0184 /* Message */ = {
			isa = PBXGroup;
			children = (
				1810F52A19C6E9EB00103838 /* MessageMainViewController.h */,
				1810F52B19C6E9EB00103838 /* MessageMainViewController.m */,
			);
			path = Message;
			sourceTree = "<group>";
		};
		183D5C1A19C97EE9005A2A1A /* Chat */ = {
			isa = PBXGroup;
			children = (
				183D5C1B19C97F00005A2A1A /* ChatListTableViewController.h */,
				183D5C1C19C97F00005A2A1A /* ChatListTableViewController.m */,
				18F9845819CAC70D00CFCBAB /* ChatListCell.h */,
				18F9845919CAC70D00CFCBAB /* ChatListCell.m */,
			);
			path = Chat;
			sourceTree = "<group>";
		};
		1862721A19C93FF70013D4AE /* Controllers */ = {
			isa = PBXGroup;
			children = (
				1862721F19C940110013D4AE /* Nav */,
				1862721B19C93FF70013D4AE /* Tabbar */,
			);
			path = Controllers;
			sourceTree = "<group>";
		};
		1862721B19C93FF70013D4AE /* Tabbar */ = {
			isa = PBXGroup;
			children = (
				1862721C19C93FF70013D4AE /* LMBarViewController.h */,
				1862721D19C93FF70013D4AE /* LMBarViewController.m */,
			);
			path = Tabbar;
			sourceTree = "<group>";
		};
		1862721F19C940110013D4AE /* Nav */ = {
			isa = PBXGroup;
			children = (
				1862722019C940390013D4AE /* LMNavViewController.h */,
				1862722119C940390013D4AE /* LMNavViewController.m */,
			);
			path = Nav;
			sourceTree = "<group>";
		};
/* End PBXGroup section */

/* Begin PBXNativeTarget section */
		183B7D5519C6E01E00EF0184 /* LMiPhone */ = {
			isa = PBXNativeTarget;
			buildConfigurationList = 183B7D7C19C6E01E00EF0184 /* Build configuration list for PBXNativeTarget "LMiPhone" */;
			buildPhases = (
				183B7D5219C6E01E00EF0184 /* Sources */,
				183B7D5319C6E01E00EF0184 /* Frameworks */,
				183B7D5419C6E01E00EF0184 /* Resources */,
			);
			buildRules = (
			);
			dependencies = (
			);
			name = LMiPhone;
			productName = LMiPhone;
			productReference = 183B7D5619C6E01E00EF0184 /* LMiPhone.app */;
			productType = "com.apple.product-type.application";
		};
		183B7D7119C6E01E00EF0184 /* LMiPhoneTests */ = {
			isa = PBXNativeTarget;
			buildConfigurationList = 183B7D7F19C6E01E00EF0184 /* Build configuration list for PBXNativeTarget "LMiPhoneTests" */;
			buildPhases = (
				183B7D6E19C6E01E00EF0184 /* Sources */,
				183B7D6F19C6E01E00EF0184 /* Frameworks */,
				183B7D7019C6E01E00EF0184 /* Resources */,
			);
			buildRules = (
			);
			dependencies = (
				183B7D7419C6E01E00EF0184 /* PBXTargetDependency */,
			);
			name = LMiPhoneTests;
			productName = LMiPhoneTests;
			productReference = 183B7D7219C6E01E00EF0184 /* LMiPhoneTests.xctest */;
			productType = "com.apple.product-type.bundle.unit-test";
		};
/* End PBXNativeTarget section */

/* Begin PBXProject section */
		183B7D4E19C6E01E00EF0184 /* Project object */ = {
			isa = PBXProject;
			attributes = {
				LastUpgradeCheck = 0600;
				ORGANIZATIONNAME = kris;
				TargetAttributes = {
					183B7D5519C6E01E00EF0184 = {
						CreatedOnToolsVersion = 6.1;
					};
					183B7D7119C6E01E00EF0184 = {
						CreatedOnToolsVersion = 6.1;
						TestTargetID = 183B7D5519C6E01E00EF0184;
					};
				};
			};
			buildConfigurationList = 183B7D5119C6E01E00EF0184 /* Build configuration list for PBXProject "LMiPhone" */;
			compatibilityVersion = "Xcode 3.2";
			developmentRegion = English;
			hasScannedForEncodings = 0;
			knownRegions = (
				en,
				Base,
				"zh-Hans",
			);
			mainGroup = 183B7D4D19C6E01E00EF0184;
			productRefGroup = 183B7D5719C6E01E00EF0184 /* Products */;
			projectDirPath = "";
			projectRoot = "";
			targets = (
				183B7D5519C6E01E00EF0184 /* LMiPhone */,
				183B7D7119C6E01E00EF0184 /* LMiPhoneTests */,
			);
		};
/* End PBXProject section */

/* Begin PBXResourcesBuildPhase section */
		183B7D5419C6E01E00EF0184 /* Resources */ = {
			isa = PBXResourcesBuildPhase;
			buildActionMask = 2147483647;
			files = (
				18965FA019C91DC300A3E083 /* MainStoryboard.storyboard in Resources */,
				183B7D6A19C6E01E00EF0184 /* Images.xcassets in Resources */,
				18965F9E19C918C600A3E083 /* InfoPlist.strings in Resources */,
			);
			runOnlyForDeploymentPostprocessing = 0;
		};
		183B7D7019C6E01E00EF0184 /* Resources */ = {
			isa = PBXResourcesBuildPhase;
			buildActionMask = 2147483647;
			files = (
			);
			runOnlyForDeploymentPostprocessing = 0;
		};
/* End PBXResourcesBuildPhase section */

/* Begin PBXSourcesBuildPhase section */
		183B7D5219C6E01E00EF0184 /* Sources */ = {
			isa = PBXSourcesBuildPhase;
			buildActionMask = 2147483647;
			files = (
				183B7D5F19C6E01E00EF0184 /* AppDelegate.m in Sources */,
				1862722219C940390013D4AE /* LMNavViewController.m in Sources */,
				18A3C1B119C80C4300998952 /* BaseViewController.m in Sources */,
				18F9845A19CAC70D00CFCBAB /* ChatListCell.m in Sources */,
				183D5C1D19C97F00005A2A1A /* ChatListTableViewController.m in Sources */,
				183B7D5C19C6E01E00EF0184 /* main.m in Sources */,
				1862721E19C93FF70013D4AE /* LMBarViewController.m in Sources */,
				1810F52C19C6E9EB00103838 /* MessageMainViewController.m in Sources */,
				18A3C1B519C80CD600998952 /* BaseService.m in Sources */,
			);
			runOnlyForDeploymentPostprocessing = 0;
		};
		183B7D6E19C6E01E00EF0184 /* Sources */ = {
			isa = PBXSourcesBuildPhase;
			buildActionMask = 2147483647;
			files = (
				183B7D7919C6E01E00EF0184 /* LMiPhoneTests.m in Sources */,
			);
			runOnlyForDeploymentPostprocessing = 0;
		};
/* End PBXSourcesBuildPhase section */

/* Begin PBXTargetDependency section */
		183B7D7419C6E01E00EF0184 /* PBXTargetDependency */ = {
			isa = PBXTargetDependency;
			target = 183B7D5519C6E01E00EF0184 /* LMiPhone */;
			targetProxy = 183B7D7319C6E01E00EF0184 /* PBXContainerItemProxy */;
		};
/* End PBXTargetDependency section */

/* Begin XCBuildConfiguration section */
		183B7D7A19C6E01E00EF0184 /* Debug */ = {
			isa = XCBuildConfiguration;
			buildSettings = {
				ALWAYS_SEARCH_USER_PATHS = NO;
				CLANG_CXX_LANGUAGE_STANDARD = "gnu++0x";
				CLANG_CXX_LIBRARY = "libc++";
				CLANG_ENABLE_MODULES = YES;
				CLANG_ENABLE_OBJC_ARC = YES;
				CLANG_WARN_BOOL_CONVERSION = YES;
				CLANG_WARN_CONSTANT_CONVERSION = YES;
				CLANG_WARN_DIRECT_OBJC_ISA_USAGE = YES_ERROR;
				CLANG_WARN_EMPTY_BODY = YES;
				CLANG_WARN_ENUM_CONVERSION = YES;
				CLANG_WARN_INT_CONVERSION = YES;
				CLANG_WARN_OBJC_ROOT_CLASS = YES_ERROR;
				CLANG_WARN_UNREACHABLE_CODE = YES;
				CLANG_WARN__DUPLICATE_METHOD_MATCH = YES;
				"CODE_SIGN_IDENTITY[sdk=iphoneos*]" = "iPhone Developer";
				COPY_PHASE_STRIP = NO;
				ENABLE_STRICT_OBJC_MSGSEND = YES;
				GCC_C_LANGUAGE_STANDARD = gnu99;
				GCC_DYNAMIC_NO_PIC = NO;
				GCC_OPTIMIZATION_LEVEL = 0;
				GCC_PREPROCESSOR_DEFINITIONS = (
					"DEBUG=1",
					"$(inherited)",
				);
				GCC_SYMBOLS_PRIVATE_EXTERN = NO;
				GCC_WARN_64_TO_32_BIT_CONVERSION = YES;
				GCC_WARN_ABOUT_RETURN_TYPE = YES_ERROR;
				GCC_WARN_UNDECLARED_SELECTOR = YES;
				GCC_WARN_UNINITIALIZED_AUTOS = YES_AGGRESSIVE;
				GCC_WARN_UNUSED_FUNCTION = YES;
				GCC_WARN_UNUSED_VARIABLE = YES;
				IPHONEOS_DEPLOYMENT_TARGET = 7.0;
				MTL_ENABLE_DEBUG_INFO = YES;
				ONLY_ACTIVE_ARCH = YES;
				SDKROOT = iphoneos;
			};
			name = Debug;
		};
		183B7D7B19C6E01E00EF0184 /* Release */ = {
			isa = XCBuildConfiguration;
			buildSettings = {
				ALWAYS_SEARCH_USER_PATHS = NO;
				CLANG_CXX_LANGUAGE_STANDARD = "gnu++0x";
				CLANG_CXX_LIBRARY = "libc++";
				CLANG_ENABLE_MODULES = YES;
				CLANG_ENABLE_OBJC_ARC = YES;
				CLANG_WARN_BOOL_CONVERSION = YES;
				CLANG_WARN_CONSTANT_CONVERSION = YES;
				CLANG_WARN_DIRECT_OBJC_ISA_USAGE = YES_ERROR;
				CLANG_WARN_EMPTY_BODY = YES;
				CLANG_WARN_ENUM_CONVERSION = YES;
				CLANG_WARN_INT_CONVERSION = YES;
				CLANG_WARN_OBJC_ROOT_CLASS = YES_ERROR;
				CLANG_WARN_UNREACHABLE_CODE = YES;
				CLANG_WARN__DUPLICATE_METHOD_MATCH = YES;
				"CODE_SIGN_IDENTITY[sdk=iphoneos*]" = "iPhone Developer";
				COPY_PHASE_STRIP = YES;
				ENABLE_NS_ASSERTIONS = NO;
				ENABLE_STRICT_OBJC_MSGSEND = YES;
				GCC_C_LANGUAGE_STANDARD = gnu99;
				GCC_WARN_64_TO_32_BIT_CONVERSION = YES;
				GCC_WARN_ABOUT_RETURN_TYPE = YES_ERROR;
				GCC_WARN_UNDECLARED_SELECTOR = YES;
				GCC_WARN_UNINITIALIZED_AUTOS = YES_AGGRESSIVE;
				GCC_WARN_UNUSED_FUNCTION = YES;
				GCC_WARN_UNUSED_VARIABLE = YES;
				IPHONEOS_DEPLOYMENT_TARGET = 7.0;
				MTL_ENABLE_DEBUG_INFO = NO;
				SDKROOT = iphoneos;
				VALIDATE_PRODUCT = YES;
			};
			name = Release;
		};
		183B7D7D19C6E01E00EF0184 /* Debug */ = {
			isa = XCBuildConfiguration;
			buildSettings = {
				ASSETCATALOG_COMPILER_APPICON_NAME = AppIcon;
				ASSETCATALOG_COMPILER_LAUNCHIMAGE_NAME = LaunchImage;
				GCC_PRECOMPILE_PREFIX_HEADER = YES;
				GCC_PREFIX_HEADER = LMiPhone/PrefixHeader.pch;
				INFOPLIST_FILE = LMiPhone/Info.plist;
				IPHONEOS_DEPLOYMENT_TARGET = 7.0;
				LD_RUNPATH_SEARCH_PATHS = "$(inherited) @executable_path/Frameworks";
				PRODUCT_NAME = "$(TARGET_NAME)";
			};
			name = Debug;
		};
		183B7D7E19C6E01E00EF0184 /* Release */ = {
			isa = XCBuildConfiguration;
			buildSettings = {
				ASSETCATALOG_COMPILER_APPICON_NAME = AppIcon;
				ASSETCATALOG_COMPILER_LAUNCHIMAGE_NAME = LaunchImage;
				GCC_PRECOMPILE_PREFIX_HEADER = YES;
				GCC_PREFIX_HEADER = LMiPhone/PrefixHeader.pch;
				INFOPLIST_FILE = LMiPhone/Info.plist;
				IPHONEOS_DEPLOYMENT_TARGET = 7.0;
				LD_RUNPATH_SEARCH_PATHS = "$(inherited) @executable_path/Frameworks";
				PRODUCT_NAME = "$(TARGET_NAME)";
			};
			name = Release;
		};
		183B7D8019C6E01E00EF0184 /* Debug */ = {
			isa = XCBuildConfiguration;
			buildSettings = {
				BUNDLE_LOADER = "$(TEST_HOST)";
				FRAMEWORK_SEARCH_PATHS = (
					"$(SDKROOT)/Developer/Library/Frameworks",
					"$(inherited)",
				);
				GCC_PREPROCESSOR_DEFINITIONS = (
					"DEBUG=1",
					"$(inherited)",
				);
				INFOPLIST_FILE = LMiPhoneTests/Info.plist;
				LD_RUNPATH_SEARCH_PATHS = "$(inherited) @executable_path/Frameworks @loader_path/Frameworks";
				PRODUCT_NAME = "$(TARGET_NAME)";
				TEST_HOST = "$(BUILT_PRODUCTS_DIR)/LMiPhone.app/LMiPhone";
			};
			name = Debug;
		};
		183B7D8119C6E01E00EF0184 /* Release */ = {
			isa = XCBuildConfiguration;
			buildSettings = {
				BUNDLE_LOADER = "$(TEST_HOST)";
				FRAMEWORK_SEARCH_PATHS = (
					"$(SDKROOT)/Developer/Library/Frameworks",
					"$(inherited)",
				);
				INFOPLIST_FILE = LMiPhoneTests/Info.plist;
				LD_RUNPATH_SEARCH_PATHS = "$(inherited) @executable_path/Frameworks @loader_path/Frameworks";
				PRODUCT_NAME = "$(TARGET_NAME)";
				TEST_HOST = "$(BUILT_PRODUCTS_DIR)/LMiPhone.app/LMiPhone";
			};
			name = Release;
		};
/* End XCBuildConfiguration section */

/* Begin XCConfigurationList section */
		183B7D5119C6E01E00EF0184 /* Build configuration list for PBXProject "LMiPhone" */ = {
			isa = XCConfigurationList;
			buildConfigurations = (
				183B7D7A19C6E01E00EF0184 /* Debug */,
				183B7D7B19C6E01E00EF0184 /* Release */,
			);
			defaultConfigurationIsVisible = 0;
			defaultConfigurationName = Release;
		};
		183B7D7C19C6E01E00EF0184 /* Build configuration list for PBXNativeTarget "LMiPhone" */ = {
			isa = XCConfigurationList;
			buildConfigurations = (
				183B7D7D19C6E01E00EF0184 /* Debug */,
				183B7D7E19C6E01E00EF0184 /* Release */,
			);
			defaultConfigurationIsVisible = 0;
			defaultConfigurationName = Release;
		};
		183B7D7F19C6E01E00EF0184 /* Build configuration list for PBXNativeTarget "LMiPhoneTests" */ = {
			isa = XCConfigurationList;
			buildConfigurations = (
				183B7D8019C6E01E00EF0184 /* Debug */,
				183B7D8119C6E01E00EF0184 /* Release */,
			);
			defaultConfigurationIsVisible = 0;
			defaultConfigurationName = Release;
		};
/* End XCConfigurationList section */
	};
	rootObject = 183B7D4E19C6E01E00EF0184 /* Project object */;
}
